
Microsoft Visual Studio Solution File, Format Version 12.00
# Visual Studio Version 17
VisualStudioVersion = 17.9.34723.18
MinimumVisualStudioVersion = 10.0.40219.1
Project("{FAE04EC0-301F-11D3-BF4B-00C04F79EFBC}") = "Assignment4", "Assignment4.csproj", "{03152B2A-5279-4857-8C12-00F15507BBA5}"
EndProject
Global
	GlobalSection(SolutionConfigurationPlatforms) = preSolution
		Debug|Any CPU = Debug|Any CPU
		Release|Any CPU = Release|Any CPU
	EndGlobalSection
	GlobalSection(ProjectConfigurationPlatforms) = postSolution
		{03152B2A-5279-4857-8C12-00F15507BBA5}.Debug|Any CPU.ActiveCfg = Debug|Any CPU
		{03152B2A-5279-4857-8C12-00F15507BBA5}.Debug|Any CPU.Build.0 = Debug|Any CPU
		{03152B2A-5279-4857-8C12-00F15507BBA5}.Release|Any CPU.ActiveCfg = Release|Any CPU
		{03152B2A-5279-4857-8C12-00F15507BBA5}.Release|Any CPU.Build.0 = Release|Any CPU
	EndGlobalSection
	GlobalSection(SolutionProperties) = preSolution
		HideSolutionNode = FALSE
	EndGlobalSection
	GlobalSection(ExtensibilityGlobals) = postSolution
		SolutionGuid = {182EB529-6A8B-4E70-8F46-CBFEAD9FF03E}
	EndGlobalSection
EndGlobal
